// !$*UTF8*$!
{
	archiveVersion = 1;
	classes = {
	};
	objectVersion = 46;
	objects = {

/* Begin PBXBuildFile section */
		5DD3DA821A2249A30081533A /* AppDelegate.swift in Sources */ = {isa = PBXBuildFile; fileRef = 5DD3DA811A2249A30081533A /* AppDelegate.swift */; };
		5DD3DA841A2249A30081533A /* ViewController.swift in Sources */ = {isa = PBXBuildFile; fileRef = 5DD3DA831A2249A30081533A /* ViewController.swift */; };
		5DD3DA871A2249A30081533A /* Main.storyboard in Resources */ = {isa = PBXBuildFile; fileRef = 5DD3DA851A2249A30081533A /* Main.storyboard */; };
		5DD3DA891A2249A30081533A /* Images.xcassets in Resources */ = {isa = PBXBuildFile; fileRef = 5DD3DA881A2249A30081533A /* Images.xcassets */; };
		5DD3DA8C1A2249A30081533A /* LaunchScreen.xib in Resources */ = {isa = PBXBuildFile; fileRef = 5DD3DA8A1A2249A30081533A /* LaunchScreen.xib */; };
		5DD3DA981A2249A40081533A /* PostcardTests.swift in Sources */ = {isa = PBXBuildFile; fileRef = 5DD3DA971A2249A40081533A /* PostcardTests.swift */; };
		5DD3DAA31A224FAC0081533A /* AlbertEinsteinStamp.jpg in Resources */ = {isa = PBXBuildFile; fileRef = 5DD3DAA11A224FAC0081533A /* AlbertEinsteinStamp.jpg */; };
		5DD3DAA41A224FAC0081533A /* SagradaFamilia.jpeg in Resources */ = {isa = PBXBuildFile; fileRef = 5DD3DAA21A224FAC0081533A /* SagradaFamilia.jpeg */; };
/* End PBXBuildFile section */

/* Begin PBXContainerItemProxy section */
		5DD3DA921A2249A40081533A /* PBXContainerItemProxy */ = {
			isa = PBXContainerItemProxy;
			containerPortal = 5DD3DA741A2249A30081533A /* Project object */;
			proxyType = 1;
			remoteGlobalIDString = 5DD3DA7B1A2249A30081533A;
			remoteInfo = Postcard;
		};
/* End PBXContainerItemProxy section */

/* Begin PBXFileReference section */
		5DD3DA7C1A2249A30081533A /* Postcard.app */ = {isa = PBXFileReference; explicitFileType = wrapper.application; includeInIndex = 0; path = Postcard.app; sourceTree = BUILT_PRODUCTS_DIR; };
		5DD3DA801A2249A30081533A /* Info.plist */ = {isa = PBXFileReference; lastKnownFileType = text.plist.xml; path = Info.plist; sourceTree = "<group>"; };
		5DD3DA811A2249A30081533A /* AppDelegate.swift */ = {isa = PBXFileReference; lastKnownFileType = sourcecode.swift; path = AppDelegate.swift; sourceTree = "<group>"; };
		5DD3DA831A2249A30081533A /* ViewController.swift */ = {isa = PBXFileReference; lastKnownFileType = sourcecode.swift; path = ViewController.swift; sourceTree = "<group>"; };
		5DD3DA861A2249A30081533A /* Base */ = {isa = PBXFileReference; lastKnownFileType = file.storyboard; name = Base; path = Base.lproj/Main.storyboard; sourceTree = "<group>"; };
		5DD3DA881A2249A30081533A /* Images.xcassets */ = {isa = PBXFileReference; lastKnownFileType = folder.assetcatalog; path = Images.xcassets; sourceTree = "<group>"; };
		5DD3DA8B1A2249A30081533A /* Base */ = {isa = PBXFileReference; lastKnownFileType = file.xib; name = Base; path = Base.lproj/LaunchScreen.xib; sourceTree = "<group>"; };
		5DD3DA911A2249A40081533A /* PostcardTests.xctest */ = {isa = PBXFileReference; explicitFileType = wrapper.cfbundle; includeInIndex = 0; path = PostcardTests.xctest; sourceTree = BUILT_PRODUCTS_DIR; };
		5DD3DA961A2249A40081533A /* Info.plist */ = {isa = PBXFileReference; lastKnownFileType = text.plist.xml; path = Info.plist; sourceTree = "<group>"; };
		5DD3DA971A2249A40081533A /* PostcardTests.swift */ = {isa = PBXFileReference; lastKnownFileType = sourcecode.swift; path = PostcardTests.swift; sourceTree = "<group>"; };
		5DD3DAA11A224FAC0081533A /* AlbertEinsteinStamp.jpg */ = {isa = PBXFileReference; lastKnownFileType = image.jpeg; path = AlbertEinsteinStamp.jpg; sourceTree = "<group>"; };
		5DD3DAA21A224FAC0081533A /* SagradaFamilia.jpeg */ = {isa = PBXFileReference; lastKnownFileType = image.jpeg; path = SagradaFamilia.jpeg; sourceTree = "<group>"; };
/* End PBXFileReference section */

/* Begin PBXFrameworksBuildPhase section */
		5DD3DA791A2249A30081533A /* Frameworks */ = {
			isa = PBXFrameworksBuildPhase;
			buildActionMask = 2147483647;
			files = (
			);
			runOnlyForDeploymentPostprocessing = 0;
		};
		5DD3DA8E1A2249A40081533A /* Frameworks */ = {
			isa = PBXFrameworksBuildPhase;
			buildActionMask = 2147483647;
			files = (
			);
			runOnlyForDeploymentPostprocessing = 0;
		};
/* End PBXFrameworksBuildPhase section */

/* Begin PBXGroup section */
		5DD3DA731A2249A30081533A = {
			isa = PBXGroup;
			children = (
				5DD3DA7E1A2249A30081533A /* Postcard */,
				5DD3DA941A2249A40081533A /* PostcardTests */,
				5DD3DA7D1A2249A30081533A /* Products */,
			);
			sourceTree = "<group>";
		};
		5DD3DA7D1A2249A30081533A /* Products */ = {
			isa = PBXGroup;
			children = (
				5DD3DA7C1A2249A30081533A /* Postcard.app */,
				5DD3DA911A2249A40081533A /* PostcardTests.xctest */,
			);
			name = Products;
			sourceTree = "<group>";
		};
		5DD3DA7E1A2249A30081533A /* Postcard */ = {
			isa = PBXGroup;
			children = (
				5DD3DA811A2249A30081533A /* AppDelegate.swift */,
				5DD3DA831A2249A30081533A /* ViewController.swift */,
				5DD3DA851A2249A30081533A /* Main.storyboard */,
				5DD3DA881A2249A30081533A /* Images.xcassets */,
				5DD3DA8A1A2249A30081533A /* LaunchScreen.xib */,
				5DD3DA7F1A2249A30081533A /* Supporting Files */,
			);
			path = Postcard;
			sourceTree = "<group>";
		};
		5DD3DA7F1A2249A30081533A /* Supporting Files */ = {
			isa = PBXGroup;
			children = (
				5DD3DAA11A224FAC0081533A /* AlbertEinsteinStamp.jpg */,
				5DD3DAA21A224FAC0081533A /* SagradaFamilia.jpeg */,
				5DD3DA801A2249A30081533A /* Info.plist */,
			);
			name = "Supporting Files";
			sourceTree = "<group>";
		};
		5DD3DA941A2249A40081533A /* PostcardTests */ = {
			isa = PBXGroup;
			children = (
				5DD3DA971A2249A40081533A /* PostcardTests.swift */,
				5DD3DA951A2249A40081533A /* Supporting Files */,
			);
			path = PostcardTests;
			sourceTree = "<group>";
		};
		5DD3DA951A2249A40081533A /* Supporting Files */ = {
			isa = PBXGroup;
			children = (
				5DD3DA961A2249A40081533A /* Info.plist */,
			);
			name = "Supporting Files";
			sourceTree = "<group>";
		};
/* End PBXGroup section */

/* Begin PBXNativeTarget section */
		5DD3DA7B1A2249A30081533A /* Postcard */ = {
			isa = PBXNativeTarget;
			buildConfigurationList = 5DD3DA9B1A2249A40081533A /* Build configuration list for PBXNativeTarget "Postcard" */;
			buildPhases = (
				5DD3DA781A2249A30081533A /* Sources */,
				5DD3DA791A2249A30081533A /* Frameworks */,
				5DD3DA7A1A2249A30081533A /* Resources */,
			);
			buildRules = (
			);
			dependencies = (
			);
			name = Postcard;
			productName = Postcard;
			productReference = 5DD3DA7C1A2249A30081533A /* Postcard.app */;
			productType = "com.apple.product-type.application";
		};
		5DD3DA901A2249A40081533A /* PostcardTests */ = {
			isa = PBXNativeTarget;
			buildConfigurationList = 5DD3DA9E1A2249A40081533A /* Build configuration list for PBXNativeTarget "PostcardTests" */;
			buildPhases = (
				5DD3DA8D1A2249A40081533A /* Sources */,
				5DD3DA8E1A2249A40081533A /* Frameworks */,
				5DD3DA8F1A2249A40081533A /* Resources */,
			);
			buildRules = (
			);
			dependencies = (
				5DD3DA931A2249A40081533A /* PBXTargetDependency */,
			);
			name = PostcardTests;
			productName = PostcardTests;
			productReference = 5DD3DA911A2249A40081533A /* PostcardTests.xctest */;
			productType = "com.apple.product-type.bundle.unit-test";
		};
/* End PBXNativeTarget section */

/* Begin PBXProject section */
		5DD3DA741A2249A30081533A /* Project object */ = {
			isa = PBXProject;
			attributes = {
				LastUpgradeCheck = 0610;
				ORGANIZATIONNAME = "Mark Evans";
				TargetAttributes = {
					5DD3DA7B1A2249A30081533A = {
						CreatedOnToolsVersion = 6.1;
					};
					5DD3DA901A2249A40081533A = {
						CreatedOnToolsVersion = 6.1;
						TestTargetID = 5DD3DA7B1A2249A30081533A;
					};
				};
			};
			buildConfigurationList = 5DD3DA771A2249A30081533A /* Build configuration list for PBXProject "Postcard" */;
			compatibilityVersion = "Xcode 3.2";
			developmentRegion = English;
			hasScannedForEncodings = 0;
			knownRegions = (
				en,
				Base,
			);
			mainGroup = 5DD3DA731A2249A30081533A;
			productRefGroup = 5DD3DA7D1A2249A30081533A /* Products */;
			projectDirPath = "";
			projectRoot = "";
			targets = (
				5DD3DA7B1A2249A30081533A /* Postcard */,
				5DD3DA901A2249A40081533A /* PostcardTests */,
			);
		};
/* End PBXProject section */

/* Begin PBXResourcesBuildPhase section */
		5DD3DA7A1A2249A30081533A /* Resources */ = {
			isa = PBXResourcesBuildPhase;
			buildActionMask = 2147483647;
			files = (
				5DD3DAA31A224FAC0081533A /* AlbertEinsteinStamp.jpg in Resources */,
				5DD3DA871A2249A30081533A /* Main.storyboard in Resources */,
				5DD3DA8C1A2249A30081533A /* LaunchScreen.xib in Resources */,
				5DD3DA891A2249A30081533A /* Images.xcassets in Resources */,
				5DD3DAA41A224FAC0081533A /* SagradaFamilia.jpeg in Resources */,
			);
			runOnlyForDeploymentPostprocessing = 0;
		};
		5DD3DA8F1A2249A40081533A /* Resources */ = {
			isa = PBXResourcesBuildPhase;
			buildActionMask = 2147483647;
			files = (
			);
			runOnlyForDeploymentPostprocessing = 0;
		};
/* End PBXResourcesBuildPhase section */

/* Begin PBXSourcesBuildPhase section */
		5DD3DA781A2249A30081533A /* Sources */ = {
			isa = PBXSourcesBuildPhase;
			buildActionMask = 2147483647;
			files = (
				5DD3DA841A2249A30081533A /* ViewController.swift in Sources */,
				5DD3DA821A2249A30081533A /* AppDelegate.swift in Sources */,
			);
			runOnlyForDeploymentPostprocessing = 0;
		};
		5DD3DA8D1A2249A40081533A /* Sources */ = {
			isa = PBXSourcesBuildPhase;
			buildActionMask = 2147483647;
			files = (
				5DD3DA981A2249A40081533A /* PostcardTests.swift in Sources */,
			);
			runOnlyForDeploymentPostprocessing = 0;
		};
/* End PBXSourcesBuildPhase section */

/* Begin PBXTargetDependency section */
		5DD3DA931A2249A40081533A /* PBXTargetDependency */ = {
			isa = PBXTargetDependency;
			target = 5DD3DA7B1A2249A30081533A /* Postcard */;
			targetProxy = 5DD3DA921A2249A40081533A /* PBXContainerItemProxy */;
		};
/* End PBXTargetDependency section */

/* Begin PBXVariantGroup section */
		5DD3DA851A2249A30081533A /* Main.storyboard */ = {
			isa = PBXVariantGroup;
			children = (
				5DD3DA861A2249A30081533A /* Base */,
			);
			name = Main.storyboard;
			sourceTree = "<group>";
		};
		5DD3DA8A1A2249A30081533A /* LaunchScreen.xib */ = {
			isa = PBXVariantGroup;
			children = (
				5DD3DA8B1A2249A30081533A /* Base */,
			);
			name = LaunchScreen.xib;
			sourceTree = "<group>";
		};
/* End PBXVariantGroup section */

/* Begin XCBuildConfiguration section */
		5DD3DA991A2249A40081533A /* Debug */ = {
			isa = XCBuildConfiguration;
			buildSettings = {
				ALWAYS_SEARCH_USER_PATHS = NO;
				CLANG_CXX_LANGUAGE_STANDARD = "gnu++0x";
				CLANG_CXX_LIBRARY = "libc++";
				CLANG_ENABLE_MODULES = YES;
				CLANG_ENABLE_OBJC_ARC = YES;
				CLANG_WARN_BOOL_CONVERSION = YES;
				CLANG_WARN_CONSTANT_CONVERSION = YES;
				CLANG_WARN_DIRECT_OBJC_ISA_USAGE = YES_ERROR;
				CLANG_WARN_EMPTY_BODY = YES;
				CLANG_WARN_ENUM_CONVERSION = YES;
				CLANG_WARN_INT_CONVERSION = YES;
				CLANG_WARN_OBJC_ROOT_CLASS = YES_ERROR;
				CLANG_WARN_UNREACHABLE_CODE = YES;
				CLANG_WARN__DUPLICATE_METHOD_MATCH = YES;
				"CODE_SIGN_IDENTITY[sdk=iphoneos*]" = "iPhone Developer";
				COPY_PHASE_STRIP = NO;
				ENABLE_STRICT_OBJC_MSGSEND = YES;
				GCC_C_LANGUAGE_STANDARD = gnu99;
				GCC_DYNAMIC_NO_PIC = NO;
				GCC_OPTIMIZATION_LEVEL = 0;
				GCC_PREPROCESSOR_DEFINITIONS = (
					"DEBUG=1",
					"$(inherited)",
				);
				GCC_SYMBOLS_PRIVATE_EXTERN = NO;
				GCC_WARN_64_TO_32_BIT_CONVERSION = YES;
				GCC_WARN_ABOUT_RETURN_TYPE = YES_ERROR;
				GCC_WARN_UNDECLARED_SELECTOR = YES;
				GCC_WARN_UNINITIALIZED_AUTOS = YES_AGGRESSIVE;
				GCC_WARN_UNUSED_FUNCTION = YES;
				GCC_WARN_UNUSED_VARIABLE = YES;
				IPHONEOS_DEPLOYMENT_TARGET = 8.1;
				MTL_ENABLE_DEBUG_INFO = YES;
				ONLY_ACTIVE_ARCH = YES;
				SDKROOT = iphoneos;
				SWIFT_OPTIMIZATION_LEVEL = "-Onone";
				TARGETED_DEVICE_FAMILY = "1,2";
			};
			name = Debug;
		};
		5DD3DA9A1A2249A40081533A /* Release */ = {
			isa = XCBuildConfiguration;
			buildSettings = {
				ALWAYS_SEARCH_USER_PATHS = NO;
				CLANG_CXX_LANGUAGE_STANDARD = "gnu++0x";
				CLANG_CXX_LIBRARY = "libc++";
				CLANG_ENABLE_MODULES = YES;
				CLANG_ENABLE_OBJC_ARC = YES;
				CLANG_WARN_BOOL_CONVERSION = YES;
				CLANG_WARN_CONSTANT_CONVERSION = YES;
				CLANG_WARN_DIRECT_OBJC_ISA_USAGE = YES_ERROR;
				CLANG_WARN_EMPTY_BODY = YES;
				CLANG_WARN_ENUM_CONVERSION = YES;
				CLANG_WARN_INT_CONVERSION = YES;
				CLANG_WARN_OBJC_ROOT_CLASS = YES_ERROR;
				CLANG_WARN_UNREACHABLE_CODE = YES;
				CLANG_WARN__DUPLICATE_METHOD_MATCH = YES;
				"CODE_SIGN_IDENTITY[sdk=iphoneos*]" = "iPhone Developer";
				COPY_PHASE_STRIP = YES;
				ENABLE_NS_ASSERTIONS = NO;
				ENABLE_STRICT_OBJC_MSGSEND = YES;
				GCC_C_LANGUAGE_STANDARD = gnu99;
				GCC_WARN_64_TO_32_BIT_CONVERSION = YES;
				GCC_WARN_ABOUT_RETURN_TYPE = YES_ERROR;
				GCC_WARN_UNDECLARED_SELECTOR = YES;
				GCC_WARN_UNINITIALIZED_AUTOS = YES_AGGRESSIVE;
				GCC_WARN_UNUSED_FUNCTION = YES;
				GCC_WARN_UNUSED_VARIABLE = YES;
				IPHONEOS_DEPLOYMENT_TARGET = 8.1;
				MTL_ENABLE_DEBUG_INFO = NO;
				SDKROOT = iphoneos;
				TARGETED_DEVICE_FAMILY = "1,2";
				VALIDATE_PRODUCT = YES;
			};
			name = Release;
		};
		5DD3DA9C1A2249A40081533A /* Debug */ = {
			isa = XCBuildConfiguration;
			buildSettings = {
				ASSETCATALOG_COMPILER_APPICON_NAME = AppIcon;
				INFOPLIST_FILE = Postcard/Info.plist;
				LD_RUNPATH_SEARCH_PATHS = "$(inherited) @executable_path/Frameworks";
				PRODUCT_NAME = "$(TARGET_NAME)";
			};
			name = Debug;
		};
		5DD3DA9D1A2249A40081533A /* Release */ = {
			isa = XCBuildConfiguration;
			buildSettings = {
				ASSETCATALOG_COMPILER_APPICON_NAME = AppIcon;
				INFOPLIST_FILE = Postcard/Info.plist;
				LD_RUNPATH_SEARCH_PATHS = "$(inherited) @executable_path/Frameworks";
				PRODUCT_NAME = "$(TARGET_NAME)";
			};
			name = Release;
		};
		5DD3DA9F1A2249A40081533A /* Debug */ = {
			isa = XCBuildConfiguration;
			buildSettings = {
				BUNDLE_LOADER = "$(TEST_HOST)";
				FRAMEWORK_SEARCH_PATHS = (
					"$(SDKROOT)/Developer/Library/Frameworks",
					"$(inherited)",
				);
				GCC_PREPROCESSOR_DEFINITIONS = (
					"DEBUG=1",
					"$(inherited)",
				);
				INFOPLIST_FILE = PostcardTests/Info.plist;
				LD_RUNPATH_SEARCH_PATHS = "$(inherited) @executable_path/Frameworks @loader_path/Frameworks";
				PRODUCT_NAME = "$(TARGET_NAME)";
				TEST_HOST = "$(BUILT_PRODUCTS_DIR)/Postcard.app/Postcard";
			};
			name = Debug;
		};
		5DD3DAA01A2249A40081533A /* Release */ = {
			isa = XCBuildConfiguration;
			buildSettings = {
				BUNDLE_LOADER = "$(TEST_HOST)";
				FRAMEWORK_SEARCH_PATHS = (
					"$(SDKROOT)/Developer/Library/Frameworks",
					"$(inherited)",
				);
				INFOPLIST_FILE = PostcardTests/Info.plist;
				LD_RUNPATH_SEARCH_PATHS = "$(inherited) @executable_path/Frameworks @loader_path/Frameworks";
				PRODUCT_NAME = "$(TARGET_NAME)";
				TEST_HOST = "$(BUILT_PRODUCTS_DIR)/Postcard.app/Postcard";
			};
			name = Release;
		};
/* End XCBuildConfiguration section */

/* Begin XCConfigurationList section */
		5DD3DA771A2249A30081533A /* Build configuration list for PBXProject "Postcard" */ = {
			isa = XCConfigurationList;
			buildConfigurations = (
				5DD3DA991A2249A40081533A /* Debug */,
				5DD3DA9A1A2249A40081533A /* Release */,
			);
			defaultConfigurationIsVisible = 0;
			defaultConfigurationName = Release;
		};
		5DD3DA9B1A2249A40081533A /* Build configuration list for PBXNativeTarget "Postcard" */ = {
			isa = XCConfigurationList;
			buildConfigurations = (
				5DD3DA9C1A2249A40081533A /* Debug */,
				5DD3DA9D1A2249A40081533A /* Release */,
			);
			defaultConfigurationIsVisible = 0;
		};
		5DD3DA9E1A2249A40081533A /* Build configuration list for PBXNativeTarget "PostcardTests" */ = {
			isa = XCConfigurationList;
			buildConfigurations = (
				5DD3DA9F1A2249A40081533A /* Debug */,
				5DD3DAA01A2249A40081533A /* Release */,
			);
			defaultConfigurationIsVisible = 0;
		};
/* End XCConfigurationList section */
	};
	rootObject = 5DD3DA741A2249A30081533A /* Project object */;
}
